hash: d7a7dc11983ee3f37ac5190fd251d47ad8c2813e977535c10ad8a47152382765
updated: 2016-07-31T10:40:20.330679237+08:00
imports:
- name: github.com/blockninja/ninjarouter
  version: 7e7f6a85384159992c17e67ff8662fb4ff260efd
- name: github.com/jmoiron/sqlx
  version: 7396209bbeada6a4fcc28aa9408f89b2e71cac39
  subpackages:
  - reflectx
- name: github.com/kr/pretty
  version: 737b74a46c4bf788349f72cb256fed10aea4d0ac
- name: github.com/lib/pq
  version: 4dd446efc17690bc53e154025146f73203b18309
  subpackages:
  - oid
- name: golang.org/x/net
  version: 6a513affb38dc9788b449d59ffed099b8de18fa0
  subpackages:
  - context
- name: googlemaps.github.io/maps
  version: 25111f0d372b38f84c3a11acd2be35905f88d476
testImports: []
